
Microsoft Visual Studio Solution File, Format Version 10.00
# Visual Studio 2008
Project("{8BC9CEB8-8B4A-11D0-8D11-00A0C91BC942}") = "lua", "lua\lua.vcproj", "{ED710599-3220-4795-8D1A-4323B03C4928}"
EndProject
Project("{8BC9CEB8-8B4A-11D0-8D11-00A0C91BC942}") = "testlua", "testlua\testlua.vcproj", "{6262CE5B-CC89-4341-8FFB-9DB6BB8AEB59}"
EndProject
Global
	GlobalSection(SolutionConfigurationPlatforms) = preSolution
		Debug|Win32 = Debug|Win32
		Release|Win32 = Release|Win32
	EndGlobalSection
	GlobalSection(ProjectConfigurationPlatforms) = postSolution
		{ED710599-3220-4795-8D1A-4323B03C4928}.Debug|Win32.ActiveCfg = Debug|Win32
		{ED710599-3220-4795-8D1A-4323B03C4928}.Debug|Win32.Build.0 = Debug|Win32
		{ED710599-3220-4795-8D1A-4323B03C4928}.Release|Win32.ActiveCfg = Release|Win32
		{ED710599-3220-4795-8D1A-4323B03C4928}.Release|Win32.Build.0 = Release|Win32
		{6262CE5B-CC89-4341-8FFB-9DB6BB8AEB59}.Debug|Win32.ActiveCfg = Debug|Win32
		{6262CE5B-CC89-4341-8FFB-9DB6BB8AEB59}.Debug|Win32.Build.0 = Debug|Win32
		{6262CE5B-CC89-4341-8FFB-9DB6BB8AEB59}.Release|Win32.ActiveCfg = Release|Win32
		{6262CE5B-CC89-4341-8FFB-9DB6BB8AEB59}.Release|Win32.Build.0 = Release|Win32
	EndGlobalSection
	GlobalSection(SolutionProperties) = preSolution
		HideSolutionNode = FALSE
	EndGlobalSection
EndGlobal
